{
  "name": "Orion",
  "lockfileVersion": 2,
  "requires": true,
  "packages": {
    "": {
      "dependencies": {
        "loc": "^0.6.1"
      }
    },
    "node_modules/loc": {
      "version": "0.6.1",
      "resolved": "https://registry.npmjs.org/loc/-/loc-0.6.1.tgz",
      "integrity": "sha512-da2T/WH7IFRnWwNv7kdpYuIJVRNjLhBxBSx49c9XyqXsufFhDLHNJweuNBLzc9f0vntiOvOsLHnOn0lPBGWHFg==",
      "dependencies": {
        "mkdirp": ">=0.3.5",
        "sprintf": ">=0.1.1"
      },
      "engines": {
        "node": ">=0.8.0"
      }
    },
    "node_modules/mkdirp": {
      "version": "3.0.1",
      "resolved": "https://registry.npmjs.org/mkdirp/-/mkdirp-3.0.1.tgz",
      "integrity": "sha512-+NsyUUAZDmo6YVHzL/stxSu3t9YS1iljliy3BSDrXJ/dkn1KYdmtZODGGjLcc9XLgVVpH4KshHB8XmZgMhaBXg==",
      "bin": {
        "mkdirp": "dist/cjs/src/bin.js"
      },
      "engines": {
        "node": ">=10"
      },
      "funding": {
        "url": "https://github.com/sponsors/isaacs"
      }
    },
    "node_modules/sprintf": {
      "version": "0.1.5",
      "resolved": "https://registry.npmjs.org/sprintf/-/sprintf-0.1.5.tgz",
      "integrity": "sha512-4X5KsuXFQ7f+d7Y+bi4qSb6eI+YoifDTGr0MQJXRoYO7BO7evfRCjds6kk3z7l5CiJYxgDN1x5Er4WiyCt+zTQ==",
      "deprecated": "The sprintf package is deprecated in favor of sprintf-js.",
      "engines": {
        "node": ">=0.2.4"
      }
    }
  },
  "dependencies": {
    "loc": {
      "version": "0.6.1",
      "resolved": "https://registry.npmjs.org/loc/-/loc-0.6.1.tgz",
      "integrity": "sha512-da2T/WH7IFRnWwNv7kdpYuIJVRNjLhBxBSx49c9XyqXsufFhDLHNJweuNBLzc9f0vntiOvOsLHnOn0lPBGWHFg==",
      "requires": {
        "mkdirp": ">=0.3.5",
        "sprintf": ">=0.1.1"
      }
    },
    "mkdirp": {
      "version": "3.0.1",
      "resolved": "https://registry.npmjs.org/mkdirp/-/mkdirp-3.0.1.tgz",
      "integrity": "sha512-+NsyUUAZDmo6YVHzL/stxSu3t9YS1iljliy3BSDrXJ/dkn1KYdmtZODGGjLcc9XLgVVpH4KshHB8XmZgMhaBXg=="
    },
    "sprintf": {
      "version": "0.1.5",
      "resolved": "https://registry.npmjs.org/sprintf/-/sprintf-0.1.5.tgz",
      "integrity": "sha512-4X5KsuXFQ7f+d7Y+bi4qSb6eI+YoifDTGr0MQJXRoYO7BO7evfRCjds6kk3z7l5CiJYxgDN1x5Er4WiyCt+zTQ=="
    }
  }
}
